{
  "name": "weasel",
  "version": "1.0.0",
  "lockfileVersion": 3,
  "requires": true,
  "packages": {
    "": {
      "name": "weasel",
      "version": "1.0.0",
      "license": "ISC",
      "dependencies": {
        "@prisma/client": "^5.4.0",
        "@uploadthing/react": "^5.6.2",
        "uploadthing": "^5.7.0",
        "zod": "^3.22.2"
      },
      "devDependencies": {
        "prisma": "^5.4.0"
      }
    },
    "node_modules/@prisma/client": {
      "version": "5.4.0",
      "resolved": "https://registry.npmjs.org/@prisma/client/-/client-5.4.0.tgz",
      "integrity": "sha512-JEo7J24OgEyNJg6hWRecIj6NJcB0chBCXFhWoO5exDVReMxiaY801lLLd6KStVFJHCWVEWoMLPUqhOvQA5MUuw==",
      "hasInstallScript": true,
      "dependencies": {
        "@prisma/engines-version": "5.4.0-47.a5596b96668f0f4b397761ce0956db54e17e48c4"
      },
      "engines": {
        "node": ">=16.13"
      },
      "peerDependencies": {
        "prisma": "*"
      },
      "peerDependenciesMeta": {
        "prisma": {
          "optional": true
        }
      }
    },
    "node_modules/@prisma/engines": {
      "version": "5.4.0",
      "resolved": "https://registry.npmjs.org/@prisma/engines/-/engines-5.4.0.tgz",
      "integrity": "sha512-tnPa5Z1D70iPahvy9xG0bH5GD6Pb25Q+rH76+N1JKwQFe6vA3LyKyVzQrG4CQCI6N5PCJHJxlahJeCgcTJfLsg==",
      "devOptional": true,
      "hasInstallScript": true
    },
    "node_modules/@prisma/engines-version": {
      "version": "5.4.0-47.a5596b96668f0f4b397761ce0956db54e17e48c4",
      "resolved": "https://registry.npmjs.org/@prisma/engines-version/-/engines-version-5.4.0-47.a5596b96668f0f4b397761ce0956db54e17e48c4.tgz",
      "integrity": "sha512-liWWFhIL5hMhVt4f9HWqMSnBgVicVFGKsEzO5gBfLr9aG1JgjjMDYNmqqLji0Hp0VpD8ffTQTOVZDJRUVBD4dw=="
    },
    "node_modules/@uploadthing/mime-types": {
      "version": "0.2.1",
      "resolved": "https://registry.npmjs.org/@uploadthing/mime-types/-/mime-types-0.2.1.tgz",
      "integrity": "sha512-UDySsPbdi7wp52WG7mp5CiZwaTvokDubqhm1xhFm73Bqhp0PsGbwSSF5PdCXH4fe8Y4EKGrMyWQ4i1fF9+DVVQ=="
    },
    "node_modules/@uploadthing/react": {
      "version": "5.6.2",
      "resolved": "https://registry.npmjs.org/@uploadthing/react/-/react-5.6.2.tgz",
      "integrity": "sha512-zW++ZJiIthEjcn0ZD5cYfQ+NR8Ez4P47gm7VNsAOeMmFz66JzdllHJ4AXQ9bnWl31M8L7mqxUrNlEc3jSd7CMg==",
      "dependencies": {
        "@uploadthing/shared": "^5.2.3",
        "attr-accept": "^2.2.2",
        "file-selector": "^0.6.0",
        "tailwind-merge": "^1.13.2"
      },
      "peerDependencies": {
        "next": "*",
        "react": "^17.0.2 || ^18.0.0",
        "uploadthing": "^5.0.0"
      },
      "peerDependenciesMeta": {
        "next": {
          "optional": true
        }
      }
    },
    "node_modules/@uploadthing/shared": {
      "version": "5.2.3",
      "resolved": "https://registry.npmjs.org/@uploadthing/shared/-/shared-5.2.3.tgz",
      "integrity": "sha512-45GEYfiP7ziLHtE3Tbb+X5FayNOgTstPIxNydbo9D33ZOWtqJknA9KNaSB8JpuEONGVbXjAfNNYkOUVXwb8dAQ==",
      "peerDependencies": {
        "@uploadthing/mime-types": "^0.2.0",
        "zod": "^3.21.4"
      },
      "peerDependenciesMeta": {
        "@uploadthing/mime-types": {
          "optional": true
        }
      }
    },
    "node_modules/attr-accept": {
      "version": "2.2.2",
      "resolved": "https://registry.npmjs.org/attr-accept/-/attr-accept-2.2.2.tgz",
      "integrity": "sha512-7prDjvt9HmqiZ0cl5CRjtS84sEyhsHP2coDkaZKRKVfCDo9s7iw7ChVmar78Gu9pC4SoR/28wFu/G5JJhTnqEg==",
      "engines": {
        "node": ">=4"
      }
    },
    "node_modules/file-selector": {
      "version": "0.6.0",
      "resolved": "https://registry.npmjs.org/file-selector/-/file-selector-0.6.0.tgz",
      "integrity": "sha512-QlZ5yJC0VxHxQQsQhXvBaC7VRJ2uaxTf+Tfpu4Z/OcVQJVpZO+DGU0rkoVW5ce2SccxugvpBJoMvUs59iILYdw==",
      "dependencies": {
        "tslib": "^2.4.0"
      },
      "engines": {
        "node": ">= 12"
      }
    },
    "node_modules/js-tokens": {
      "version": "4.0.0",
      "resolved": "https://registry.npmjs.org/js-tokens/-/js-tokens-4.0.0.tgz",
      "integrity": "sha512-RdJUflcE3cUzKiMqQgsCu06FPu9UdIJO0beYbPhHN4k6apgJtifcoCtT9bcxOpYBtpD2kCM6Sbzg4CausW/PKQ==",
      "peer": true
    },
    "node_modules/loose-envify": {
      "version": "1.4.0",
      "resolved": "https://registry.npmjs.org/loose-envify/-/loose-envify-1.4.0.tgz",
      "integrity": "sha512-lyuxPGr/Wfhrlem2CL/UcnUc1zcqKAImBDzukY7Y5F/yQiNdko6+fRLevlw1HgMySw7f611UIY408EtxRSoK3Q==",
      "peer": true,
      "dependencies": {
        "js-tokens": "^3.0.0 || ^4.0.0"
      },
      "bin": {
        "loose-envify": "cli.js"
      }
    },
    "node_modules/prisma": {
      "version": "5.4.0",
      "resolved": "https://registry.npmjs.org/prisma/-/prisma-5.4.0.tgz",
      "integrity": "sha512-69rlao0RJ4JcLnJ6VwUS89qhRAdMawby7u10OOkpxZC9RZkDdLIpMj+7zafH2NqEk9roplbmfiAR5FseR7H8fg==",
      "devOptional": true,
      "hasInstallScript": true,
      "dependencies": {
        "@prisma/engines": "5.4.0"
      },
      "bin": {
        "prisma": "build/index.js"
      },
      "engines": {
        "node": ">=16.13"
      }
    },
    "node_modules/react": {
      "version": "18.2.0",
      "resolved": "https://registry.npmjs.org/react/-/react-18.2.0.tgz",
      "integrity": "sha512-/3IjMdb2L9QbBdWiW5e3P2/npwMBaU9mHCSCUzNln0ZCYbcfTsGbTJrU/kGemdH2IWmB2ioZ+zkxtmq6g09fGQ==",
      "peer": true,
      "dependencies": {
        "loose-envify": "^1.1.0"
      },
      "engines": {
        "node": ">=0.10.0"
      }
    },
    "node_modules/tailwind-merge": {
      "version": "1.14.0",
      "resolved": "https://registry.npmjs.org/tailwind-merge/-/tailwind-merge-1.14.0.tgz",
      "integrity": "sha512-3mFKyCo/MBcgyOTlrY8T7odzZFx+w+qKSMAmdFzRvqBfLlSigU6TZnlFHK0lkMwj9Bj8OYU+9yW9lmGuS0QEnQ==",
      "funding": {
        "type": "github",
        "url": "https://github.com/sponsors/dcastil"
      }
    },
    "node_modules/tslib": {
      "version": "2.6.2",
      "resolved": "https://registry.npmjs.org/tslib/-/tslib-2.6.2.tgz",
      "integrity": "sha512-AEYxH93jGFPn/a2iVAwW87VuUIkR1FVUKB77NwMF7nBTDkDrrT/Hpt/IrCJ0QXhW27jTBDcf5ZY7w6RiqTMw2Q=="
    },
    "node_modules/uploadthing": {
      "version": "5.7.0",
      "resolved": "https://registry.npmjs.org/uploadthing/-/uploadthing-5.7.0.tgz",
      "integrity": "sha512-x24qDWz7L4XQvWCFujzhguWW0tqh3j3QCQUOVpPHUMM5nv3aeJkVMQYURsAJydiBtMgiAGo7HnzEZLiPJSozXw==",
      "dependencies": {
        "@uploadthing/mime-types": "^0.2.1",
        "@uploadthing/shared": "^5.2.3"
      },
      "engines": {
        "node": ">=18.13.0"
      }
    },
    "node_modules/zod": {
      "version": "3.22.2",
      "resolved": "https://registry.npmjs.org/zod/-/zod-3.22.2.tgz",
      "integrity": "sha512-wvWkphh5WQsJbVk1tbx1l1Ly4yg+XecD+Mq280uBGt9wa5BKSWf4Mhp6GmrkPixhMxmabYY7RbzlwVP32pbGCg==",
      "funding": {
        "url": "https://github.com/sponsors/colinhacks"
      }
    }
  }
}
